
Microsoft Visual Studio Solution File, Format Version 12.00
# Visual Studio Version 17
VisualStudioVersion = 17.6.33723.286
MinimumVisualStudioVersion = 10.0.40219.1
Project("{FAE04EC0-301F-11D3-BF4B-00C04F79EFBC}") = "Vendors", "Vendors\Vendors.csproj", "{5C7E8F2B-EF61-471A-8009-45BD6370AA13}"
EndProject
Global
	GlobalSection(SolutionConfigurationPlatforms) = preSolution
		Debug|Any CPU = Debug|Any CPU
		Release|Any CPU = Release|Any CPU
	EndGlobalSection
	GlobalSection(ProjectConfigurationPlatforms) = postSolution
		{5C7E8F2B-EF61-471A-8009-45BD6370AA13}.Debug|Any CPU.ActiveCfg = Debug|Any CPU
		{5C7E8F2B-EF61-471A-8009-45BD6370AA13}.Debug|Any CPU.Build.0 = Debug|Any CPU
		{5C7E8F2B-EF61-471A-8009-45BD6370AA13}.Release|Any CPU.ActiveCfg = Release|Any CPU
		{5C7E8F2B-EF61-471A-8009-45BD6370AA13}.Release|Any CPU.Build.0 = Release|Any CPU
	EndGlobalSection
	GlobalSection(SolutionProperties) = preSolution
		HideSolutionNode = FALSE
	EndGlobalSection
	GlobalSection(ExtensibilityGlobals) = postSolution
		SolutionGuid = {CA8A33E4-A255-4E07-8B52-D3FC9FB285DF}
	EndGlobalSection
EndGlobal
